
Microsoft Visual Studio Solution File, Format Version 12.00
# Visual Studio Version 17
VisualStudioVersion = 17.1.31911.260
MinimumVisualStudioVersion = 10.0.40219.1
Project("{9A19103F-16F7-4668-BE54-9A1E7A4F7556}") = "Task_2", "Task_2\Task_2.csproj", "{550FA99B-5FD8-42CA-981E-41E6C8A4404F}"
EndProject
Project("{FAE04EC0-301F-11D3-BF4B-00C04F79EFBC}") = "Task_1", "Task_1\Task_1.csproj", "{97F19E4F-2DCD-41B8-8F30-DB1DE6D66556}"
EndProject
Global
	GlobalSection(SolutionConfigurationPlatforms) = preSolution
		Debug|Any CPU = Debug|Any CPU
		Release|Any CPU = Release|Any CPU
	EndGlobalSection
	GlobalSection(ProjectConfigurationPlatforms) = postSolution
		{550FA99B-5FD8-42CA-981E-41E6C8A4404F}.Debug|Any CPU.ActiveCfg = Debug|Any CPU
		{550FA99B-5FD8-42CA-981E-41E6C8A4404F}.Debug|Any CPU.Build.0 = Debug|Any CPU
		{550FA99B-5FD8-42CA-981E-41E6C8A4404F}.Release|Any CPU.ActiveCfg = Release|Any CPU
		{550FA99B-5FD8-42CA-981E-41E6C8A4404F}.Release|Any CPU.Build.0 = Release|Any CPU
		{97F19E4F-2DCD-41B8-8F30-DB1DE6D66556}.Debug|Any CPU.ActiveCfg = Debug|Any CPU
		{97F19E4F-2DCD-41B8-8F30-DB1DE6D66556}.Debug|Any CPU.Build.0 = Debug|Any CPU
		{97F19E4F-2DCD-41B8-8F30-DB1DE6D66556}.Release|Any CPU.ActiveCfg = Release|Any CPU
		{97F19E4F-2DCD-41B8-8F30-DB1DE6D66556}.Release|Any CPU.Build.0 = Release|Any CPU
	EndGlobalSection
	GlobalSection(SolutionProperties) = preSolution
		HideSolutionNode = FALSE
	EndGlobalSection
	GlobalSection(ExtensibilityGlobals) = postSolution
		SolutionGuid = {6978BBFD-5856-4A69-87DA-1EF8539D18D8}
	EndGlobalSection
EndGlobal
